
Microsoft Visual Studio Solution File, Format Version 12.00
# Visual Studio Version 16
VisualStudioVersion = 16.0.32510.428
MinimumVisualStudioVersion = 10.0.40219.1
Project("{FAE04EC0-301F-11D3-BF4B-00C04F79EFBC}") = "Calculator", "Calculator\Calculator.csproj", "{8ED00B06-393D-4631-8C0D-60BC45C487F7}"
EndProject
Project("{FAE04EC0-301F-11D3-BF4B-00C04F79EFBC}") = "AverageMarkStudents", "AverageMarkStudents\AverageMarkStudents.csproj", "{12374E39-29C1-460C-AFC4-83B0EE93ABAA}"
EndProject
Project("{FAE04EC0-301F-11D3-BF4B-00C04F79EFBC}") = "SwapInteger", "SwapInteger\SwapInteger.csproj", "{A74B6ADE-58D7-4406-815C-0380AF8EB6C6}"
EndProject
Project("{FAE04EC0-301F-11D3-BF4B-00C04F79EFBC}") = "Area", "Area\Area.csproj", "{F847D828-6A4F-47E1-9ABE-6627DE7BEFC5}"
EndProject
Project("{2150E333-8FDC-42A3-9474-1A3956D46DE8}") = "Assg 2", "Assg 2", "{2461A887-C441-4578-A675-6549F1543145}"
EndProject
Project("{9A19103F-16F7-4668-BE54-9A1E7A4F7556}") = "Employee", "Employee\Employee.csproj", "{888C05B2-1A5A-4855-85F6-3FB15DAE5F10}"
EndProject
Project("{9A19103F-16F7-4668-BE54-9A1E7A4F7556}") = "LibraryEmp", "LibraryEmp\LibraryEmp.csproj", "{B1E81BF6-6376-47FB-BBE5-DD4CDE9292A7}"
EndProject
Project("{2150E333-8FDC-42A3-9474-1A3956D46DE8}") = "Assg 1", "Assg 1", "{2D6D7CEB-18FE-4731-8ECD-405F22C3F93D}"
EndProject
Project("{9A19103F-16F7-4668-BE54-9A1E7A4F7556}") = "ClassLibrary1", "ClassLibrary1\ClassLibrary1.csproj", "{7838FCCA-8BB7-41AE-B582-C5E385447835}"
EndProject
Project("{9A19103F-16F7-4668-BE54-9A1E7A4F7556}") = "ConsoleApp1", "ConsoleApp1\ConsoleApp1.csproj", "{E74CE6F0-730F-46EC-A873-83733412B9CF}"
EndProject
Project("{FAE04EC0-301F-11D3-BF4B-00C04F79EFBC}") = "staticmethod3", "staticmethod3\staticmethod3.csproj", "{66B96AA4-E163-4361-B6A5-5200AD8B121D}"
EndProject
Project("{FAE04EC0-301F-11D3-BF4B-00C04F79EFBC}") = "Books6", "Books6\Books6.csproj", "{55DFA344-8D29-4C2B-9AB4-282FD951C8C2}"
EndProject
Project("{2150E333-8FDC-42A3-9474-1A3956D46DE8}") = "Assg3", "Assg3", "{0446F7D4-94F1-4DD7-9064-51604DF47AF2}"
EndProject
Project("{FAE04EC0-301F-11D3-BF4B-00C04F79EFBC}") = "prg1", "prg1\prg1.csproj", "{69F337BB-9A2F-4E30-8A95-5BB0E36D7B5B}"
EndProject
Global
	GlobalSection(SolutionConfigurationPlatforms) = preSolution
		Debug|Any CPU = Debug|Any CPU
		Release|Any CPU = Release|Any CPU
	EndGlobalSection
	GlobalSection(ProjectConfigurationPlatforms) = postSolution
		{8ED00B06-393D-4631-8C0D-60BC45C487F7}.Debug|Any CPU.ActiveCfg = Debug|Any CPU
		{8ED00B06-393D-4631-8C0D-60BC45C487F7}.Debug|Any CPU.Build.0 = Debug|Any CPU
		{8ED00B06-393D-4631-8C0D-60BC45C487F7}.Release|Any CPU.ActiveCfg = Release|Any CPU
		{8ED00B06-393D-4631-8C0D-60BC45C487F7}.Release|Any CPU.Build.0 = Release|Any CPU
		{12374E39-29C1-460C-AFC4-83B0EE93ABAA}.Debug|Any CPU.ActiveCfg = Debug|Any CPU
		{12374E39-29C1-460C-AFC4-83B0EE93ABAA}.Debug|Any CPU.Build.0 = Debug|Any CPU
		{12374E39-29C1-460C-AFC4-83B0EE93ABAA}.Release|Any CPU.ActiveCfg = Release|Any CPU
		{12374E39-29C1-460C-AFC4-83B0EE93ABAA}.Release|Any CPU.Build.0 = Release|Any CPU
		{A74B6ADE-58D7-4406-815C-0380AF8EB6C6}.Debug|Any CPU.ActiveCfg = Debug|Any CPU
		{A74B6ADE-58D7-4406-815C-0380AF8EB6C6}.Debug|Any CPU.Build.0 = Debug|Any CPU
		{A74B6ADE-58D7-4406-815C-0380AF8EB6C6}.Release|Any CPU.ActiveCfg = Release|Any CPU
		{A74B6ADE-58D7-4406-815C-0380AF8EB6C6}.Release|Any CPU.Build.0 = Release|Any CPU
		{F847D828-6A4F-47E1-9ABE-6627DE7BEFC5}.Debug|Any CPU.ActiveCfg = Debug|Any CPU
		{F847D828-6A4F-47E1-9ABE-6627DE7BEFC5}.Debug|Any CPU.Build.0 = Debug|Any CPU
		{F847D828-6A4F-47E1-9ABE-6627DE7BEFC5}.Release|Any CPU.ActiveCfg = Release|Any CPU
		{F847D828-6A4F-47E1-9ABE-6627DE7BEFC5}.Release|Any CPU.Build.0 = Release|Any CPU
		{888C05B2-1A5A-4855-85F6-3FB15DAE5F10}.Debug|Any CPU.ActiveCfg = Debug|Any CPU
		{888C05B2-1A5A-4855-85F6-3FB15DAE5F10}.Debug|Any CPU.Build.0 = Debug|Any CPU
		{888C05B2-1A5A-4855-85F6-3FB15DAE5F10}.Release|Any CPU.ActiveCfg = Release|Any CPU
		{888C05B2-1A5A-4855-85F6-3FB15DAE5F10}.Release|Any CPU.Build.0 = Release|Any CPU
		{B1E81BF6-6376-47FB-BBE5-DD4CDE9292A7}.Debug|Any CPU.ActiveCfg = Debug|Any CPU
		{B1E81BF6-6376-47FB-BBE5-DD4CDE9292A7}.Debug|Any CPU.Build.0 = Debug|Any CPU
		{B1E81BF6-6376-47FB-BBE5-DD4CDE9292A7}.Release|Any CPU.ActiveCfg = Release|Any CPU
		{B1E81BF6-6376-47FB-BBE5-DD4CDE9292A7}.Release|Any CPU.Build.0 = Release|Any CPU
		{7838FCCA-8BB7-41AE-B582-C5E385447835}.Debug|Any CPU.ActiveCfg = Debug|Any CPU
		{7838FCCA-8BB7-41AE-B582-C5E385447835}.Debug|Any CPU.Build.0 = Debug|Any CPU
		{7838FCCA-8BB7-41AE-B582-C5E385447835}.Release|Any CPU.ActiveCfg = Release|Any CPU
		{7838FCCA-8BB7-41AE-B582-C5E385447835}.Release|Any CPU.Build.0 = Release|Any CPU
		{E74CE6F0-730F-46EC-A873-83733412B9CF}.Debug|Any CPU.ActiveCfg = Debug|Any CPU
		{E74CE6F0-730F-46EC-A873-83733412B9CF}.Debug|Any CPU.Build.0 = Debug|Any CPU
		{E74CE6F0-730F-46EC-A873-83733412B9CF}.Release|Any CPU.ActiveCfg = Release|Any CPU
		{E74CE6F0-730F-46EC-A873-83733412B9CF}.Release|Any CPU.Build.0 = Release|Any CPU
		{66B96AA4-E163-4361-B6A5-5200AD8B121D}.Debug|Any CPU.ActiveCfg = Debug|Any CPU
		{66B96AA4-E163-4361-B6A5-5200AD8B121D}.Debug|Any CPU.Build.0 = Debug|Any CPU
		{66B96AA4-E163-4361-B6A5-5200AD8B121D}.Release|Any CPU.ActiveCfg = Release|Any CPU
		{66B96AA4-E163-4361-B6A5-5200AD8B121D}.Release|Any CPU.Build.0 = Release|Any CPU
		{55DFA344-8D29-4C2B-9AB4-282FD951C8C2}.Debug|Any CPU.ActiveCfg = Debug|Any CPU
		{55DFA344-8D29-4C2B-9AB4-282FD951C8C2}.Debug|Any CPU.Build.0 = Debug|Any CPU
		{55DFA344-8D29-4C2B-9AB4-282FD951C8C2}.Release|Any CPU.ActiveCfg = Release|Any CPU
		{55DFA344-8D29-4C2B-9AB4-282FD951C8C2}.Release|Any CPU.Build.0 = Release|Any CPU
		{69F337BB-9A2F-4E30-8A95-5BB0E36D7B5B}.Debug|Any CPU.ActiveCfg = Debug|Any CPU
		{69F337BB-9A2F-4E30-8A95-5BB0E36D7B5B}.Debug|Any CPU.Build.0 = Debug|Any CPU
		{69F337BB-9A2F-4E30-8A95-5BB0E36D7B5B}.Release|Any CPU.ActiveCfg = Release|Any CPU
		{69F337BB-9A2F-4E30-8A95-5BB0E36D7B5B}.Release|Any CPU.Build.0 = Release|Any CPU
	EndGlobalSection
	GlobalSection(SolutionProperties) = preSolution
		HideSolutionNode = FALSE
	EndGlobalSection
	GlobalSection(NestedProjects) = preSolution
		{8ED00B06-393D-4631-8C0D-60BC45C487F7} = {2D6D7CEB-18FE-4731-8ECD-405F22C3F93D}
		{12374E39-29C1-460C-AFC4-83B0EE93ABAA} = {2D6D7CEB-18FE-4731-8ECD-405F22C3F93D}
		{A74B6ADE-58D7-4406-815C-0380AF8EB6C6} = {2D6D7CEB-18FE-4731-8ECD-405F22C3F93D}
		{F847D828-6A4F-47E1-9ABE-6627DE7BEFC5} = {2D6D7CEB-18FE-4731-8ECD-405F22C3F93D}
		{888C05B2-1A5A-4855-85F6-3FB15DAE5F10} = {2461A887-C441-4578-A675-6549F1543145}
		{B1E81BF6-6376-47FB-BBE5-DD4CDE9292A7} = {2461A887-C441-4578-A675-6549F1543145}
		{7838FCCA-8BB7-41AE-B582-C5E385447835} = {2461A887-C441-4578-A675-6549F1543145}
		{E74CE6F0-730F-46EC-A873-83733412B9CF} = {2461A887-C441-4578-A675-6549F1543145}
		{66B96AA4-E163-4361-B6A5-5200AD8B121D} = {2D6D7CEB-18FE-4731-8ECD-405F22C3F93D}
		{55DFA344-8D29-4C2B-9AB4-282FD951C8C2} = {2D6D7CEB-18FE-4731-8ECD-405F22C3F93D}
		{69F337BB-9A2F-4E30-8A95-5BB0E36D7B5B} = {0446F7D4-94F1-4DD7-9064-51604DF47AF2}
	EndGlobalSection
	GlobalSection(ExtensibilityGlobals) = postSolution
		SolutionGuid = {802B6A34-2B9F-40EB-A560-40201F359646}
	EndGlobalSection
EndGlobal
